
Microsoft Visual Studio Solution File, Format Version 12.00
# Visual Studio Version 17
VisualStudioVersion = 17.11.35312.102
MinimumVisualStudioVersion = 10.0.40219.1
Project("{FAE04EC0-301F-11D3-BF4B-00C04F79EFBC}") = "primeravancefinal", "primeravancefinal.csproj", "{270CD752-C8DE-4FF0-8C8E-4CCB4E09324C}"
EndProject
Global
	GlobalSection(SolutionConfigurationPlatforms) = preSolution
		Debug|Any CPU = Debug|Any CPU
		Release|Any CPU = Release|Any CPU
	EndGlobalSection
	GlobalSection(ProjectConfigurationPlatforms) = postSolution
		{270CD752-C8DE-4FF0-8C8E-4CCB4E09324C}.Debug|Any CPU.ActiveCfg = Debug|Any CPU
		{270CD752-C8DE-4FF0-8C8E-4CCB4E09324C}.Debug|Any CPU.Build.0 = Debug|Any CPU
		{270CD752-C8DE-4FF0-8C8E-4CCB4E09324C}.Release|Any CPU.ActiveCfg = Release|Any CPU
		{270CD752-C8DE-4FF0-8C8E-4CCB4E09324C}.Release|Any CPU.Build.0 = Release|Any CPU
	EndGlobalSection
	GlobalSection(SolutionProperties) = preSolution
		HideSolutionNode = FALSE
	EndGlobalSection
	GlobalSection(ExtensibilityGlobals) = postSolution
		SolutionGuid = {26AD0747-1A9D-474F-AC5A-0BCCC07BF358}
	EndGlobalSection
EndGlobal
